Microsoft Visual Studio Solution File, Format Version 12.00
# Visual Studio Version 17
VisualStudioVersion = 17.5.2.0
MinimumVisualStudioVersion = 10.0.40219.1
Project("{2150E333-8FDC-42A3-9474-1A3956D46DE8}") = "src", "src", "{827E0CD3-B72D-47B6-A68D-7590B98EB39B}"
EndProject
Project("{2150E333-8FDC-42A3-9474-1A3956D46DE8}") = "backend", "backend", "{FE360695-3F2B-1049-3887-35FBB5135923}"
EndProject
Project("{2150E333-8FDC-42A3-9474-1A3956D46DE8}") = "shared", "shared", "{5E28066D-CF2F-EACF-F514-6261098EA812}"
EndProject
Project("{FAE04EC0-301F-11D3-BF4B-00C04F79EFBC}") = "Luna.SharedKernel", "src\backend\shared\Luna.SharedKernel\Luna.SharedKernel.csproj", "{4F110781-4113-DB6C-15B3-6D91D6FB623D}"
EndProject
Project("{FAE04EC0-301F-11D3-BF4B-00C04F79EFBC}") = "Luna.Contracts", "src\backend\shared\Luna.Contracts\Luna.Contracts.csproj", "{8F4D237A-7DE6-1FBB-6E88-862F571E63FC}"
EndProject
Global
	GlobalSection(SolutionConfigurationPlatforms) = preSolution
		Debug|Any CPU = Debug|Any CPU
		Release|Any CPU = Release|Any CPU
	EndGlobalSection
	GlobalSection(ProjectConfigurationPlatforms) = postSolution
		{4F110781-4113-DB6C-15B3-6D91D6FB623D}.Debug|Any CPU.ActiveCfg = Debug|Any CPU
		{4F110781-4113-DB6C-15B3-6D91D6FB623D}.Debug|Any CPU.Build.0 = Debug|Any CPU
		{4F110781-4113-DB6C-15B3-6D91D6FB623D}.Release|Any CPU.ActiveCfg = Release|Any CPU
		{4F110781-4113-DB6C-15B3-6D91D6FB623D}.Release|Any CPU.Build.0 = Release|Any CPU
		{8F4D237A-7DE6-1FBB-6E88-862F571E63FC}.Debug|Any CPU.ActiveCfg = Debug|Any CPU
		{8F4D237A-7DE6-1FBB-6E88-862F571E63FC}.Debug|Any CPU.Build.0 = Debug|Any CPU
		{8F4D237A-7DE6-1FBB-6E88-862F571E63FC}.Release|Any CPU.ActiveCfg = Release|Any CPU
		{8F4D237A-7DE6-1FBB-6E88-862F571E63FC}.Release|Any CPU.Build.0 = Release|Any CPU
	EndGlobalSection
	GlobalSection(SolutionProperties) = preSolution
		HideSolutionNode = FALSE
	EndGlobalSection
	GlobalSection(NestedProjects) = preSolution
		{FE360695-3F2B-1049-3887-35FBB5135923} = {827E0CD3-B72D-47B6-A68D-7590B98EB39B}
		{5E28066D-CF2F-EACF-F514-6261098EA812} = {FE360695-3F2B-1049-3887-35FBB5135923}
		{4F110781-4113-DB6C-15B3-6D91D6FB623D} = {5E28066D-CF2F-EACF-F514-6261098EA812}
		{8F4D237A-7DE6-1FBB-6E88-862F571E63FC} = {5E28066D-CF2F-EACF-F514-6261098EA812}
	EndGlobalSection
	GlobalSection(ExtensibilityGlobals) = postSolution
		SolutionGuid = {683FCD4E-894C-409F-ACE0-E86832E676A6}
	EndGlobalSection
EndGlobal
