Microsoft Visual Studio Solution File, Format Version 12.00
# Visual Studio Version 17
VisualStudioVersion = 17.0.31880.31
MinimumVisualStudioVersion = 10.0.40219.1

Project("{2150E333-8FDC-42A3-9474-1A3956D46DE8}") = "shared", "shared", "{F1E5E9F5-5E5E-5E5E-5E5E-5E5E5E5E5E5E}"
EndProject

Project("{2150E333-8FDC-42A3-9474-1A3956D46DE8}") = "services", "services", "{F2E5E9F5-5E5E-5E5E-5E5E-5E5E5E5E5E5E}"
EndProject

Project("{2150E333-8FDC-42A3-9474-1A3956D46DE8}") = "apps", "apps", "{F3E5E9F5-5E5E-5E5E-5E5E-5E5E5E5E5E5E}"
EndProject

Project("{2150E333-8FDC-42A3-9474-1A3956D46DE8}") = "tests", "tests", "{F4E5E9F5-5E5E-5E5E-5E5E-5E5E5E5E5E5E}"
EndProject

Project("{9A19103F-16F7-4668-BE54-9A1E7A4F7556}") = "Luna.Contracts", "shared\Luna.Contracts\Luna.Contracts.csproj", "{1A1A1A1A-1A1A-1A1A-1A1A-1A1A1A1A1A1A}"
EndProject

Project("{9A19103F-16F7-4668-BE54-9A1E7A4F7556}") = "Luna.SharedKernel", "shared\Luna.SharedKernel\Luna.SharedKernel.csproj", "{2A2A2A2A-2A2A-2A2A-2A2A-2A2A2A2A2A2A}"
EndProject

Project("{9A19103F-16F7-4668-BE54-9A1E7A4F7556}") = "Luna.Identity", "services\Luna.Identity\Luna.Identity.csproj", "{3A3A3A3A-3A3A-3A3A-3A3A-3A3A3A3A3A3A}"
EndProject

Project("{9A19103F-16F7-4668-BE54-9A1E7A4F7556}") = "Luna.Classroom", "services\Luna.Classroom\Luna.Classroom.csproj", "{4A4A4A4A-4A4A-4A4A-4A4A-4A4A4A4A4A4A}"
EndProject

Project("{9A19103F-16F7-4668-BE54-9A1E7A4F7556}") = "Luna.Students", "services\Luna.Students\Luna.Students.csproj", "{5A5A5A5A-5A5A-5A5A-5A5A-5A5A5A5A5A5A}"
EndProject

Project("{9A19103F-16F7-4668-BE54-9A1E7A4F7556}") = "Luna.Curriculum", "services\Luna.Curriculum\Luna.Curriculum.csproj", "{6A6A6A6A-6A6A-6A6A-6A6A-6A6A6A6A6A6A}"
EndProject

Project("{9A19103F-16F7-4668-BE54-9A1E7A4F7556}") = "Luna.Media", "services\Luna.Media\Luna.Media.csproj", "{7A7A7A7A-7A7A-7A7A-7A7A-7A7A7A7A7A7A}"
EndProject

Project("{9A19103F-16F7-4668-BE54-9A1E7A4F7556}") = "Luna.Telemetry", "services\Luna.Telemetry\Luna.Telemetry.csproj", "{8A8A8A8A-8A8A-8A8A-8A8A-8A8A8A8A8A8A}"
EndProject

Project("{9A19103F-16F7-4668-BE54-9A1E7A4F7556}") = "Luna.ApiGateway", "apps\Luna.ApiGateway\Luna.ApiGateway.csproj", "{9A9A9A9A-9A9A-9A9A-9A9A-9A9A9A9A9A9A}"
EndProject

Project("{9A19103F-16F7-4668-BE54-9A1E7A4F7556}") = "Luna.UnitTests", "tests\Luna.UnitTests\Luna.UnitTests.csproj", "{AAAAAAA-AAAA-AAAA-AAAA-AAAAAAAAAAAAA}"
EndProject

Project("{9A19103F-16F7-4668-BE54-9A1E7A4F7556}") = "Luna.IntegrationTests", "tests\Luna.IntegrationTests\Luna.IntegrationTests.csproj", "{BBBBBBB-BBBB-BBBB-BBBB-BBBBBBBBBBBBB}"
EndProject

Global
	GlobalSection(SolutionConfigurationPlatforms) = preSolution
		Debug|Any CPU = Debug|Any CPU
		Release|Any CPU = Release|Any CPU
	EndGlobalSection

	GlobalSection(ProjectConfigurationPlatforms) = postSolution
		{1A1A1A1A-1A1A-1A1A-1A1A-1A1A1A1A1A1A}.Debug|Any CPU.ActiveCfg = Debug|Any CPU
		{1A1A1A1A-1A1A-1A1A-1A1A-1A1A1A1A1A1A}.Debug|Any CPU.Build.0 = Debug|Any CPU
		{1A1A1A1A-1A1A-1A1A-1A1A-1A1A1A1A1A1A}.Release|Any CPU.ActiveCfg = Release|Any CPU
		{1A1A1A1A-1A1A-1A1A-1A1A-1A1A1A1A1A1A}.Release|Any CPU.Build.0 = Release|Any CPU

		{2A2A2A2A-2A2A-2A2A-2A2A-2A2A2A2A2A2A}.Debug|Any CPU.ActiveCfg = Debug|Any CPU
		{2A2A2A2A-2A2A-2A2A-2A2A-2A2A2A2A2A2A}.Debug|Any CPU.Build.0 = Debug|Any CPU
		{2A2A2A2A-2A2A-2A2A-2A2A-2A2A2A2A2A2A}.Release|Any CPU.ActiveCfg = Release|Any CPU
		{2A2A2A2A-2A2A-2A2A-2A2A-2A2A2A2A2A2A}.Release|Any CPU.Build.0 = Release|Any CPU

		{3A3A3A3A-3A3A-3A3A-3A3A-3A3A3A3A3A3A}.Debug|Any CPU.ActiveCfg = Debug|Any CPU
		{3A3A3A3A-3A3A-3A3A-3A3A-3A3A3A3A3A3A}.Debug|Any CPU.Build.0 = Debug|Any CPU
		{3A3A3A3A-3A3A-3A3A-3A3A-3A3A3A3A3A3A}.Release|Any CPU.ActiveCfg = Release|Any CPU
		{3A3A3A3A-3A3A-3A3A-3A3A-3A3A3A3A3A3A}.Release|Any CPU.Build.0 = Release|Any CPU

		{4A4A4A4A-4A4A-4A4A-4A4A-4A4A4A4A4A4A}.Debug|Any CPU.ActiveCfg = Debug|Any CPU
		{4A4A4A4A-4A4A-4A4A-4A4A-4A4A4A4A4A4A}.Debug|Any CPU.Build.0 = Debug|Any CPU
		{4A4A4A4A-4A4A-4A4A-4A4A-4A4A4A4A4A4A}.Release|Any CPU.ActiveCfg = Release|Any CPU
		{4A4A4A4A-4A4A-4A4A-4A4A-4A4A4A4A4A4A}.Release|Any CPU.Build.0 = Release|Any CPU

		{5A5A5A5A-5A5A-5A5A-5A5A-5A5A5A5A5A5A}.Debug|Any CPU.ActiveCfg = Debug|Any CPU
		{5A5A5A5A-5A5A-5A5A-5A5A-5A5A5A5A5A5A}.Debug|Any CPU.Build.0 = Debug|Any CPU
		{5A5A5A5A-5A5A-5A5A-5A5A-5A5A5A5A5A5A}.Release|Any CPU.ActiveCfg = Release|Any CPU
		{5A5A5A5A-5A5A-5A5A-5A5A-5A5A5A5A5A5A}.Release|Any CPU.Build.0 = Release|Any CPU

		{6A6A6A6A-6A6A-6A6A-6A6A-6A6A6A6A6A6A}.Debug|Any CPU.ActiveCfg = Debug|Any CPU
		{6A6A6A6A-6A6A-6A6A-6A6A-6A6A6A6A6A6A}.Debug|Any CPU.Build.0 = Debug|Any CPU
		{6A6A6A6A-6A6A-6A6A-6A6A-6A6A6A6A6A6A}.Release|Any CPU.ActiveCfg = Release|Any CPU
		{6A6A6A6A-6A6A-6A6A-6A6A-6A6A6A6A6A6A}.Release|Any CPU.Build.0 = Release|Any CPU

		{7A7A7A7A-7A7A-7A7A-7A7A-7A7A7A7A7A7A}.Debug|Any CPU.ActiveCfg = Debug|Any CPU
		{7A7A7A7A-7A7A-7A7A-7A7A-7A7A7A7A7A7A}.Debug|Any CPU.Build.0 = Debug|Any CPU
		{7A7A7A7A-7A7A-7A7A-7A7A-7A7A7A7A7A7A}.Release|Any CPU.ActiveCfg = Release|Any CPU
		{7A7A7A7A-7A7A-7A7A-7A7A-7A7A7A7A7A7A}.Release|Any CPU.Build.0 = Release|Any CPU

		{8A8A8A8A-8A8A-8A8A-8A8A-8A8A8A8A8A8A}.Debug|Any CPU.ActiveCfg = Debug|Any CPU
		{8A8A8A8A-8A8A-8A8A-8A8A-8A8A8A8A8A8A}.Debug|Any CPU.Build.0 = Debug|Any CPU
		{8A8A8A8A-8A8A-8A8A-8A8A-8A8A8A8A8A8A}.Release|Any CPU.ActiveCfg = Release|Any CPU
		{8A8A8A8A-8A8A-8A8A-8A8A-8A8A8A8A8A8A}.Release|Any CPU.Build.0 = Release|Any CPU

		{9A9A9A9A-9A9A-9A9A-9A9A-9A9A9A9A9A9A}.Debug|Any CPU.ActiveCfg = Debug|Any CPU
		{9A9A9A9A-9A9A-9A9A-9A9A-9A9A9A9A9A9A}.Debug|Any CPU.Build.0 = Debug|Any CPU
		{9A9A9A9A-9A9A-9A9A-9A9A-9A9A9A9A9A9A}.Release|Any CPU.ActiveCfg = Release|Any CPU
		{9A9A9A9A-9A9A-9A9A-9A9A-9A9A9A9A9A9A}.Release|Any CPU.Build.0 = Release|Any CPU

		{AAAAAAA-AAAA-AAAA-AAAA-AAAAAAAAAAAAA}.Debug|Any CPU.ActiveCfg = Debug|Any CPU
		{AAAAAAA-AAAA-AAAA-AAAA-AAAAAAAAAAAAA}.Debug|Any CPU.Build.0 = Debug|Any CPU
		{AAAAAAA-AAAA-AAAA-AAAA-AAAAAAAAAAAAA}.Release|Any CPU.ActiveCfg = Release|Any CPU
		{AAAAAAA-AAAA-AAAA-AAAA-AAAAAAAAAAAAA}.Release|Any CPU.Build.0 = Release|Any CPU

		{BBBBBBB-BBBB-BBBB-BBBB-BBBBBBBBBBBBB}.Debug|Any CPU.ActiveCfg = Debug|Any CPU
		{BBBBBBB-BBBB-BBBB-BBBB-BBBBBBBBBBBBB}.Debug|Any CPU.Build.0 = Debug|Any CPU
		{BBBBBBB-BBBB-BBBB-BBBB-BBBBBBBBBBBBB}.Release|Any CPU.ActiveCfg = Release|Any CPU
		{BBBBBBB-BBBB-BBBB-BBBB-BBBBBBBBBBBBB}.Release|Any CPU.Build.0 = Release|Any CPU
	EndGlobalSection

	GlobalSection(NestedProjects) = preSolution
		{1A1A1A1A-1A1A-1A1A-1A1A-1A1A1A1A1A1A} = {F1E5E9F5-5E5E-5E5E-5E5E-5E5E5E5E5E5E}
		{2A2A2A2A-2A2A-2A2A-2A2A-2A2A2A2A2A2A} = {F1E5E9F5-5E5E-5E5E-5E5E-5E5E5E5E5E5E}
		{3A3A3A3A-3A3A-3A3A-3A3A-3A3A3A3A3A3A} = {F2E5E9F5-5E5E-5E5E-5E5E-5E5E5E5E5E5E}
		{4A4A4A4A-4A4A-4A4A-4A4A-4A4A4A4A4A4A} = {F2E5E9F5-5E5E-5E5E-5E5E-5E5E5E5E5E5E}
		{5A5A5A5A-5A5A-5A5A-5A5A-5A5A5A5A5A5A} = {F2E5E9F5-5E5E-5E5E-5E5E-5E5E5E5E5E5E}
		{6A6A6A6A-6A6A-6A6A-6A6A-6A6A6A6A6A6A} = {F2E5E9F5-5E5E-5E5E-5E5E-5E5E5E5E5E5E}
		{7A7A7A7A-7A7A-7A7A-7A7A-7A7A7A7A7A7A} = {F2E5E9F5-5E5E-5E5E-5E5E-5E5E5E5E5E5E}
		{8A8A8A8A-8A8A-8A8A-8A8A-8A8A8A8A8A8A} = {F2E5E9F5-5E5E-5E5E-5E5E-5E5E5E5E5E5E}
		{9A9A9A9A-9A9A-9A9A-9A9A-9A9A9A9A9A9A} = {F3E5E9F5-5E5E-5E5E-5E5E-5E5E5E5E5E5E}
		{AAAAAAA-AAAA-AAAA-AAAA-AAAAAAAAAAAAA} = {F4E5E9F5-5E5E-5E5E-5E5E-5E5E5E5E5E5E}
		{BBBBBBB-BBBB-BBBB-BBBB-BBBBBBBBBBBBB} = {F4E5E9F5-5E5E-5E5E-5E5E-5E5E5E5E5E5E}
	EndGlobalSection
EndGlobal
